
Microsoft Visual Studio Solution File, Format Version 12.00
# Visual Studio 15
VisualStudioVersion = 15.0.27428.2015
MinimumVisualStudioVersion = 10.0.40219.1
Project("{9A19103F-16F7-4668-BE54-9A1E7A4F7556}") = "PredictionGuru", "PredictionGuru\PredictionGuru.csproj", "{55B9129C-3507-4E28-9082-15470F2F45F9}"
EndProject
Project("{E24C65DC-7377-472B-9ABA-BC803B73C61A}") = "PredictionGuruAndroidApp", "PredictionGuruAndroidApp\", "{56A1186E-0691-4FF0-83B8-7199F729AC9B}"
	ProjectSection(WebsiteProperties) = preProject
		TargetFrameworkMoniker = ".NETFramework,Version%3Dv4.0"
		Debug.AspNetCompiler.VirtualPath = "/localhost_52473"
		Debug.AspNetCompiler.PhysicalPath = "PredictionGuruAndroidApp\"
		Debug.AspNetCompiler.TargetPath = "PrecompiledWeb\localhost_52473\"
		Debug.AspNetCompiler.Updateable = "true"
		Debug.AspNetCompiler.ForceOverwrite = "true"
		Debug.AspNetCompiler.FixedNames = "false"
		Debug.AspNetCompiler.Debug = "True"
		Release.AspNetCompiler.VirtualPath = "/localhost_52473"
		Release.AspNetCompiler.PhysicalPath = "PredictionGuruAndroidApp\"
		Release.AspNetCompiler.TargetPath = "PrecompiledWeb\localhost_52473\"
		Release.AspNetCompiler.Updateable = "true"
		Release.AspNetCompiler.ForceOverwrite = "true"
		Release.AspNetCompiler.FixedNames = "false"
		Release.AspNetCompiler.Debug = "False"
		VWDPort = "52473"
	EndProjectSection
EndProject
Global
	GlobalSection(SolutionConfigurationPlatforms) = preSolution
		Debug|Any CPU = Debug|Any CPU
		Release|Any CPU = Release|Any CPU
	EndGlobalSection
	GlobalSection(ProjectConfigurationPlatforms) = postSolution
		{55B9129C-3507-4E28-9082-15470F2F45F9}.Debug|Any CPU.ActiveCfg = Debug|Any CPU
		{55B9129C-3507-4E28-9082-15470F2F45F9}.Debug|Any CPU.Build.0 = Debug|Any CPU
		{55B9129C-3507-4E28-9082-15470F2F45F9}.Release|Any CPU.ActiveCfg = Release|Any CPU
		{55B9129C-3507-4E28-9082-15470F2F45F9}.Release|Any CPU.Build.0 = Release|Any CPU
		{56A1186E-0691-4FF0-83B8-7199F729AC9B}.Debug|Any CPU.ActiveCfg = Debug|Any CPU
		{56A1186E-0691-4FF0-83B8-7199F729AC9B}.Debug|Any CPU.Build.0 = Debug|Any CPU
		{56A1186E-0691-4FF0-83B8-7199F729AC9B}.Release|Any CPU.ActiveCfg = Debug|Any CPU
		{56A1186E-0691-4FF0-83B8-7199F729AC9B}.Release|Any CPU.Build.0 = Debug|Any CPU
	EndGlobalSection
	GlobalSection(SolutionProperties) = preSolution
		HideSolutionNode = FALSE
	EndGlobalSection
	GlobalSection(ExtensibilityGlobals) = postSolution
		SolutionGuid = {F04D978E-D888-4C01-9D04-4130A828D87A}
	EndGlobalSection
EndGlobal
